
Microsoft Visual Studio Solution File, Format Version 12.00
# Visual Studio Version 16
VisualStudioVersion = 16.0.31321.278
MinimumVisualStudioVersion = 10.0.40219.1
Project("{FAE04EC0-301F-11D3-BF4B-00C04F79EFBC}") = "firebase_practice", "firebase_practice\firebase_practice.csproj", "{5B64BA26-3953-4FE1-AB8E-A862370533D8}"
EndProject
Global
	GlobalSection(SolutionConfigurationPlatforms) = preSolution
		Debug|Any CPU = Debug|Any CPU
		Release|Any CPU = Release|Any CPU
	EndGlobalSection
	GlobalSection(ProjectConfigurationPlatforms) = postSolution
		{5B64BA26-3953-4FE1-AB8E-A862370533D8}.Debug|Any CPU.ActiveCfg = Debug|Any CPU
		{5B64BA26-3953-4FE1-AB8E-A862370533D8}.Debug|Any CPU.Build.0 = Debug|Any CPU
		{5B64BA26-3953-4FE1-AB8E-A862370533D8}.Release|Any CPU.ActiveCfg = Release|Any CPU
		{5B64BA26-3953-4FE1-AB8E-A862370533D8}.Release|Any CPU.Build.0 = Release|Any CPU
	EndGlobalSection
	GlobalSection(SolutionProperties) = preSolution
		HideSolutionNode = FALSE
	EndGlobalSection
	GlobalSection(ExtensibilityGlobals) = postSolution
		SolutionGuid = {BBBB029F-6119-41D0-AD8B-0306CBB96267}
	EndGlobalSection
EndGlobal
